
Microsoft Visual Studio Solution File, Format Version 12.00
# Visual Studio Version 16
VisualStudioVersion = 16.0.31702.278
MinimumVisualStudioVersion = 10.0.40219.1
Project("{8BC9CEB8-8B4A-11D0-8D11-00A0C91BC942}") = "ex2_queue", "ex2_queue.vcxproj", "{32A491C5-2D6B-4798-A848-406C1127B8E4}"
EndProject
Global
	GlobalSection(SolutionConfigurationPlatforms) = preSolution
		Debug|x64 = Debug|x64
		Debug|x86 = Debug|x86
		Release|x64 = Release|x64
		Release|x86 = Release|x86
	EndGlobalSection
	GlobalSection(ProjectConfigurationPlatforms) = postSolution
		{32A491C5-2D6B-4798-A848-406C1127B8E4}.Debug|x64.ActiveCfg = Debug|x64
		{32A491C5-2D6B-4798-A848-406C1127B8E4}.Debug|x64.Build.0 = Debug|x64
		{32A491C5-2D6B-4798-A848-406C1127B8E4}.Debug|x86.ActiveCfg = Debug|Win32
		{32A491C5-2D6B-4798-A848-406C1127B8E4}.Debug|x86.Build.0 = Debug|Win32
		{32A491C5-2D6B-4798-A848-406C1127B8E4}.Release|x64.ActiveCfg = Release|x64
		{32A491C5-2D6B-4798-A848-406C1127B8E4}.Release|x64.Build.0 = Release|x64
		{32A491C5-2D6B-4798-A848-406C1127B8E4}.Release|x86.ActiveCfg = Release|Win32
		{32A491C5-2D6B-4798-A848-406C1127B8E4}.Release|x86.Build.0 = Release|Win32
	EndGlobalSection
	GlobalSection(SolutionProperties) = preSolution
		HideSolutionNode = FALSE
	EndGlobalSection
	GlobalSection(ExtensibilityGlobals) = postSolution
		SolutionGuid = {12DAFD12-35B3-41D2-ADBA-9F857CFB0959}
	EndGlobalSection
EndGlobal
